<?xml version="1.0" encoding="utf-8"?>
<Project ToolsVersion="4.0" xmlns="http://schemas.microsoft.com/developer/msbuild/2003">
  <ItemGroup>
    <ClCompile Include="log.cpp" />
    <ClCompile Include="Main.cpp" />
    <ClCompile Include="ModuleInput.cpp" />
    <ClCompile Include="ModuleRender.cpp" />
    <ClCompile Include="ModuleWindow.cpp" />
    <ClCompile Include="Application.cpp" />
    <ClCompile Include="ModuleCamera.cpp" />
    <ClCompile Include="ModuleExTriangle.cpp" />
    <ClCompile Include="Program.cpp" />
    <ClCompile Include="ModuleDebugDraw.cpp" />
    <ClCompile Include="MathGeoLib\Algorithm\GJK.cpp">
      <Filter>MathGeoLib</Filter>
    </ClCompile>
    <ClCompile Include="MathGeoLib\Algorithm\GJK2D.cpp">
      <Filter>MathGeoLib</Filter>
    </ClCompile>
    <ClCompile Include="MathGeoLib\Algorithm\Random\LCG.cpp">
      <Filter>MathGeoLib</Filter>
    </ClCompile>
    <ClCompile Include="MathGeoLib\Algorithm\SAT.cpp">
      <Filter>MathGeoLib</Filter>
    </ClCompile>
    <ClCompile Include="MathGeoLib\Geometry\AABB.cpp">
      <Filter>MathGeoLib</Filter>
    </ClCompile>
    <ClCompile Include="MathGeoLib\Geometry\Capsule.cpp">
      <Filter>MathGeoLib</Filter>
    </ClCompile>
    <ClCompile Include="MathGeoLib\Geometry\Circle.cpp">
      <Filter>MathGeoLib</Filter>
    </ClCompile>
    <ClCompile Include="MathGeoLib\Geometry\Circle2D.cpp">
      <Filter>MathGeoLib</Filter>
    </ClCompile>
    <ClCompile Include="MathGeoLib\Geometry\Frustum.cpp">
      <Filter>MathGeoLib</Filter>
    </ClCompile>
    <ClCompile Include="MathGeoLib\Geometry\Line.cpp">
      <Filter>MathGeoLib</Filter>
    </ClCompile>
    <ClCompile Include="MathGeoLib\Geometry\LineSegment.cpp">
      <Filter>MathGeoLib</Filter>
    </ClCompile>
    <ClCompile Include="MathGeoLib\Geometry\LineSegment2D.cpp">
      <Filter>MathGeoLib</Filter>
    </ClCompile>
    <ClCompile Include="MathGeoLib\Geometry\OBB.cpp">
      <Filter>MathGeoLib</Filter>
    </ClCompile>
    <ClCompile Include="MathGeoLib\Geometry\PBVolume.cpp">
      <Filter>MathGeoLib</Filter>
    </ClCompile>
    <ClCompile Include="MathGeoLib\Geometry\Plane.cpp">
      <Filter>MathGeoLib</Filter>
    </ClCompile>
    <ClCompile Include="MathGeoLib\Geometry\Polygon.cpp">
      <Filter>MathGeoLib</Filter>
    </ClCompile>
    <ClCompile Include="MathGeoLib\Geometry\Polyhedron.cpp">
      <Filter>MathGeoLib</Filter>
    </ClCompile>
    <ClCompile Include="MathGeoLib\Geometry\Ray.cpp">
      <Filter>MathGeoLib</Filter>
    </ClCompile>
    <ClCompile Include="MathGeoLib\Geometry\Sphere.cpp">
      <Filter>MathGeoLib</Filter>
    </ClCompile>
    <ClCompile Include="MathGeoLib\Geometry\Triangle.cpp">
      <Filter>MathGeoLib</Filter>
    </ClCompile>
    <ClCompile Include="MathGeoLib\Geometry\Triangle2D.cpp">
      <Filter>MathGeoLib</Filter>
    </ClCompile>
    <ClCompile Include="MathGeoLib\Geometry\TriangleMesh.cpp">
      <Filter>MathGeoLib</Filter>
    </ClCompile>
    <ClCompile Include="MathGeoLib\Math\BitOps.cpp">
      <Filter>MathGeoLib</Filter>
    </ClCompile>
    <ClCompile Include="MathGeoLib\Math\Callstack.cpp">
      <Filter>MathGeoLib</Filter>
    </ClCompile>
    <ClCompile Include="MathGeoLib\Math\float2.cpp">
      <Filter>MathGeoLib</Filter>
    </ClCompile>
    <ClCompile Include="MathGeoLib\Math\float3.cpp">
      <Filter>MathGeoLib</Filter>
    </ClCompile>
    <ClCompile Include="MathGeoLib\Math\float3x3.cpp">
      <Filter>MathGeoLib</Filter>
    </ClCompile>
    <ClCompile Include="MathGeoLib\Math\float3x4.cpp">
      <Filter>MathGeoLib</Filter>
    </ClCompile>
    <ClCompile Include="MathGeoLib\Math\float4.cpp">
      <Filter>MathGeoLib</Filter>
    </ClCompile>
    <ClCompile Include="MathGeoLib\Math\float4d.cpp">
      <Filter>MathGeoLib</Filter>
    </ClCompile>
    <ClCompile Include="MathGeoLib\Math\float4x4.cpp">
      <Filter>MathGeoLib</Filter>
    </ClCompile>
    <ClCompile Include="MathGeoLib\Math\grisu3.c">
      <Filter>MathGeoLib</Filter>
    </ClCompile>
    <ClCompile Include="MathGeoLib\Math\grisu3_cpp.cpp">
      <Filter>MathGeoLib</Filter>
    </ClCompile>
    <ClCompile Include="MathGeoLib\Math\MathFunc.cpp">
      <Filter>MathGeoLib</Filter>
    </ClCompile>
    <ClCompile Include="MathGeoLib\Math\MathLog.cpp">
      <Filter>MathGeoLib</Filter>
    </ClCompile>
    <ClCompile Include="MathGeoLib\Math\MathOps.cpp">
      <Filter>MathGeoLib</Filter>
    </ClCompile>
    <ClCompile Include="MathGeoLib\Math\MiniFloat.cpp">
      <Filter>MathGeoLib</Filter>
    </ClCompile>
    <ClCompile Include="MathGeoLib\Math\Polynomial.cpp">
      <Filter>MathGeoLib</Filter>
    </ClCompile>
    <ClCompile Include="MathGeoLib\Math\Quat.cpp">
      <Filter>MathGeoLib</Filter>
    </ClCompile>
    <ClCompile Include="MathGeoLib\Math\SSEMath.cpp">
      <Filter>MathGeoLib</Filter>
    </ClCompile>
    <ClCompile Include="MathGeoLib\Math\TransformOps.cpp">
      <Filter>MathGeoLib</Filter>
    </ClCompile>
    <ClCompile Include="MathGeoLib\Time\Clock.cpp">
      <Filter>MathGeoLib</Filter>
    </ClCompile>
    <ClCompile Include="ModuleTexture.cpp" />
    <ClCompile Include="ModuleEditor.cpp" />
    <ClCompile Include="C:\Users\telm\Desktop\BlackWindow-master\ImGui\imgui_impl_opengl3.cpp">
      <Filter>ImGu</Filter>
    </ClCompile>
    <ClCompile Include="C:\Users\telm\Desktop\BlackWindow-master\ImGui\imgui_impl_sdl.cpp">
      <Filter>ImGu</Filter>
    </ClCompile>
    <ClCompile Include="C:\Users\telm\Desktop\BlackWindow-master\ImGui\imgui_widgets.cpp">
      <Filter>ImGu</Filter>
    </ClCompile>
    <ClCompile Include="C:\Users\telm\Desktop\BlackWindow-master\ImGui\imgui.cpp">
      <Filter>ImGu</Filter>
    </ClCompile>
    <ClCompile Include="C:\Users\telm\Desktop\BlackWindow-master\ImGui\imgui_demo.cpp">
      <Filter>ImGu</Filter>
    </ClCompile>
    <ClCompile Include="C:\Users\telm\Desktop\BlackWindow-master\ImGui\imgui_draw.cpp">
      <Filter>ImGu</Filter>
    </ClCompile>
    <ClCompile Include="C:\Users\telm\Desktop\BlackWindow-master\ConfigurationWindow.cpp">
      <Filter>ImGu\GR</Filter>
    </ClCompile>
    <ClCompile Include="C:\Users\telm\Desktop\BlackWindow-master\ConsoleWindow.cpp">
      <Filter>ImGu\GR</Filter>
    </ClCompile>
    <ClCompile Include="C:\Users\telm\Desktop\BlackWindow-master\DefaultImGuiWindow.cpp">
      <Filter>ImGu\GR</Filter>
    </ClCompile>
    <ClCompile Include="ModuleCarga.cpp" />
  </ItemGroup>
  <ItemGroup>
    <ClInclude Include="Application.h" />
    <ClInclude Include="Globals.h" />
    <ClInclude Include="Module.h" />
    <ClInclude Include="ModuleInput.h" />
    <ClInclude Include="ModuleRender.h" />
    <ClInclude Include="ModuleWindow.h" />
    <ClInclude Include="ModuleCamera.h" />
    <ClInclude Include="Point.h" />
    <ClInclude Include="resource.h" />
    <ClInclude Include="ModuleExTriangle.h" />
    <ClInclude Include="Program.h" />
    <ClInclude Include="ModuleDebugDraw.h" />
    <ClInclude Include="MathGeoLib\Algorithm\GJK.h">
      <Filter>MathGeoLib</Filter>
    </ClInclude>
    <ClInclude Include="MathGeoLib\Algorithm\GJK2D.h">
      <Filter>MathGeoLib</Filter>
    </ClInclude>
    <ClInclude Include="MathGeoLib\Algorithm\Random\LCG.h">
      <Filter>MathGeoLib</Filter>
    </ClInclude>
    <ClInclude Include="MathGeoLib\Algorithm\SAT.h">
      <Filter>MathGeoLib</Filter>
    </ClInclude>
    <ClInclude Include="MathGeoLib\emscripten\library_system.h">
      <Filter>MathGeoLib</Filter>
    </ClInclude>
    <ClInclude Include="MathGeoLib\Geometry\AABB.h">
      <Filter>MathGeoLib</Filter>
    </ClInclude>
    <ClInclude Include="MathGeoLib\Geometry\AABB2D.h">
      <Filter>MathGeoLib</Filter>
    </ClInclude>
    <ClInclude Include="MathGeoLib\Geometry\Capsule.h">
      <Filter>MathGeoLib</Filter>
    </ClInclude>
    <ClInclude Include="MathGeoLib\Geometry\Circle.h">
      <Filter>MathGeoLib</Filter>
    </ClInclude>
    <ClInclude Include="MathGeoLib\Geometry\Circle2D.h">
      <Filter>MathGeoLib</Filter>
    </ClInclude>
    <ClInclude Include="MathGeoLib\Geometry\Frustum.h">
      <Filter>MathGeoLib</Filter>
    </ClInclude>
    <ClInclude Include="MathGeoLib\Geometry\GeometryAll.h">
      <Filter>MathGeoLib</Filter>
    </ClInclude>
    <ClInclude Include="MathGeoLib\Geometry\GeomType.h">
      <Filter>MathGeoLib</Filter>
    </ClInclude>
    <ClInclude Include="MathGeoLib\Geometry\HitInfo.h">
      <Filter>MathGeoLib</Filter>
    </ClInclude>
    <ClInclude Include="MathGeoLib\Geometry\KDTree.h">
      <Filter>MathGeoLib</Filter>
    </ClInclude>
    <ClInclude Include="MathGeoLib\Geometry\Line.h">
      <Filter>MathGeoLib</Filter>
    </ClInclude>
    <ClInclude Include="MathGeoLib\Geometry\LineSegment.h">
      <Filter>MathGeoLib</Filter>
    </ClInclude>
    <ClInclude Include="MathGeoLib\Geometry\LineSegment2D.h">
      <Filter>MathGeoLib</Filter>
    </ClInclude>
    <ClInclude Include="MathGeoLib\Geometry\OBB.h">
      <Filter>MathGeoLib</Filter>
    </ClInclude>
    <ClInclude Include="MathGeoLib\Geometry\OBB2D.h">
      <Filter>MathGeoLib</Filter>
    </ClInclude>
    <ClInclude Include="MathGeoLib\Geometry\PBVolume.h">
      <Filter>MathGeoLib</Filter>
    </ClInclude>
    <ClInclude Include="MathGeoLib\Geometry\Plane.h">
      <Filter>MathGeoLib</Filter>
    </ClInclude>
    <ClInclude Include="MathGeoLib\Geometry\Polygon.h">
      <Filter>MathGeoLib</Filter>
    </ClInclude>
    <ClInclude Include="MathGeoLib\Geometry\Polygon2DRef.h">
      <Filter>MathGeoLib</Filter>
    </ClInclude>
    <ClInclude Include="MathGeoLib\Geometry\Polyhedron.h">
      <Filter>MathGeoLib</Filter>
    </ClInclude>
    <ClInclude Include="MathGeoLib\Geometry\QuadTree.h">
      <Filter>MathGeoLib</Filter>
    </ClInclude>
    <ClInclude Include="MathGeoLib\Geometry\Ray.h">
      <Filter>MathGeoLib</Filter>
    </ClInclude>
    <ClInclude Include="MathGeoLib\Geometry\Sphere.h">
      <Filter>MathGeoLib</Filter>
    </ClInclude>
    <ClInclude Include="MathGeoLib\Geometry\Triangle.h">
      <Filter>MathGeoLib</Filter>
    </ClInclude>
    <ClInclude Include="MathGeoLib\Geometry\Triangle2D.h">
      <Filter>MathGeoLib</Filter>
    </ClInclude>
    <ClInclude Include="MathGeoLib\Geometry\TriangleMesh.h">
      <Filter>MathGeoLib</Filter>
    </ClInclude>
    <ClInclude Include="MathGeoLib\Math\assume.h">
      <Filter>MathGeoLib</Filter>
    </ClInclude>
    <ClInclude Include="MathGeoLib\Math\BitFuncs.h">
      <Filter>MathGeoLib</Filter>
    </ClInclude>
    <ClInclude Include="MathGeoLib\Math\BitOps.h">
      <Filter>MathGeoLib</Filter>
    </ClInclude>
    <ClInclude Include="MathGeoLib\Math\Callstack.h">
      <Filter>MathGeoLib</Filter>
    </ClInclude>
    <ClInclude Include="MathGeoLib\Math\FixedPoint.h">
      <Filter>MathGeoLib</Filter>
    </ClInclude>
    <ClInclude Include="MathGeoLib\Math\float2.h">
      <Filter>MathGeoLib</Filter>
    </ClInclude>
    <ClInclude Include="MathGeoLib\Math\float3.h">
      <Filter>MathGeoLib</Filter>
    </ClInclude>
    <ClInclude Include="MathGeoLib\Math\float3x3.h">
      <Filter>MathGeoLib</Filter>
    </ClInclude>
    <ClInclude Include="MathGeoLib\Math\float3x4.h">
      <Filter>MathGeoLib</Filter>
    </ClInclude>
    <ClInclude Include="MathGeoLib\Math\float4.h">
      <Filter>MathGeoLib</Filter>
    </ClInclude>
    <ClInclude Include="MathGeoLib\Math\float4d.h">
      <Filter>MathGeoLib</Filter>
    </ClInclude>
    <ClInclude Include="MathGeoLib\Math\float4x4.h">
      <Filter>MathGeoLib</Filter>
    </ClInclude>
    <ClInclude Include="MathGeoLib\Math\float4x4_neon.h">
      <Filter>MathGeoLib</Filter>
    </ClInclude>
    <ClInclude Include="MathGeoLib\Math\float4x4_sse.h">
      <Filter>MathGeoLib</Filter>
    </ClInclude>
    <ClInclude Include="MathGeoLib\Math\float4_neon.h">
      <Filter>MathGeoLib</Filter>
    </ClInclude>
    <ClInclude Include="MathGeoLib\Math\float4_sse.h">
      <Filter>MathGeoLib</Filter>
    </ClInclude>
    <ClInclude Include="MathGeoLib\Math\FloatCmp.h">
      <Filter>MathGeoLib</Filter>
    </ClInclude>
    <ClInclude Include="MathGeoLib\Math\glut.h">
      <Filter>MathGeoLib</Filter>
    </ClInclude>
    <ClInclude Include="MathGeoLib\Math\grisu3.h">
      <Filter>MathGeoLib</Filter>
    </ClInclude>
    <ClInclude Include="MathGeoLib\Math\InclWindows.h">
      <Filter>MathGeoLib</Filter>
    </ClInclude>
    <ClInclude Include="MathGeoLib\Math\Interpolate.h">
      <Filter>MathGeoLib</Filter>
    </ClInclude>
    <ClInclude Include="MathGeoLib\Math\MathAll.h">
      <Filter>MathGeoLib</Filter>
    </ClInclude>
    <ClInclude Include="MathGeoLib\Math\MathConstants.h">
      <Filter>MathGeoLib</Filter>
    </ClInclude>
    <ClInclude Include="MathGeoLib\Math\MathFunc.h">
      <Filter>MathGeoLib</Filter>
    </ClInclude>
    <ClInclude Include="MathGeoLib\Math\MathLog.h">
      <Filter>MathGeoLib</Filter>
    </ClInclude>
    <ClInclude Include="MathGeoLib\Math\MathNamespace.h">
      <Filter>MathGeoLib</Filter>
    </ClInclude>
    <ClInclude Include="MathGeoLib\Math\MathTypes.h">
      <Filter>MathGeoLib</Filter>
    </ClInclude>
    <ClInclude Include="MathGeoLib\Math\MatrixProxy.h">
      <Filter>MathGeoLib</Filter>
    </ClInclude>
    <ClInclude Include="MathGeoLib\Math\MiniFloat.h">
      <Filter>MathGeoLib</Filter>
    </ClInclude>
    <ClInclude Include="MathGeoLib\Math\MultiLineMacro.h">
      <Filter>MathGeoLib</Filter>
    </ClInclude>
    <ClInclude Include="MathGeoLib\Math\myassert.h">
      <Filter>MathGeoLib</Filter>
    </ClInclude>
    <ClInclude Include="MathGeoLib\Math\Polynomial.h">
      <Filter>MathGeoLib</Filter>
    </ClInclude>
    <ClInclude Include="MathGeoLib\Math\Quat.h">
      <Filter>MathGeoLib</Filter>
    </ClInclude>
    <ClInclude Include="MathGeoLib\Math\quat_simd.h">
      <Filter>MathGeoLib</Filter>
    </ClInclude>
    <ClInclude Include="MathGeoLib\Math\Rect.h">
      <Filter>MathGeoLib</Filter>
    </ClInclude>
    <ClInclude Include="MathGeoLib\Math\Reinterpret.h">
      <Filter>MathGeoLib</Filter>
    </ClInclude>
    <ClInclude Include="MathGeoLib\Math\simd.h">
      <Filter>MathGeoLib</Filter>
    </ClInclude>
    <ClInclude Include="MathGeoLib\Math\SSEMath.h">
      <Filter>MathGeoLib</Filter>
    </ClInclude>
    <ClInclude Include="MathGeoLib\Math\sse_mathfun.h">
      <Filter>MathGeoLib</Filter>
    </ClInclude>
    <ClInclude Include="MathGeoLib\Math\Swap.h">
      <Filter>MathGeoLib</Filter>
    </ClInclude>
    <ClInclude Include="MathGeoLib\Math\TransformOps.h">
      <Filter>MathGeoLib</Filter>
    </ClInclude>
    <ClInclude Include="MathGeoLib\Math\vec2d.h">
      <Filter>MathGeoLib</Filter>
    </ClInclude>
    <ClInclude Include="MathGeoLib\MathBuildConfig.h">
      <Filter>MathGeoLib</Filter>
    </ClInclude>
    <ClInclude Include="MathGeoLib\MathGeoLib.h">
      <Filter>MathGeoLib</Filter>
    </ClInclude>
    <ClInclude Include="MathGeoLib\MathGeoLibFwd.h">
      <Filter>MathGeoLib</Filter>
    </ClInclude>
    <ClInclude Include="MathGeoLib\Time\Clock.h">
      <Filter>MathGeoLib</Filter>
    </ClInclude>
    <ClInclude Include="ModuleTexture.h" />
    <ClInclude Include="ModuleEditor.h" />
    <ClInclude Include="debug_draw.hpp" />
    <ClInclude Include="ImGU\imconfig.h" />
    <ClInclude Include="MathGeoLib\glut.h" />
    <ClInclude Include="C:\Users\telm\Desktop\BlackWindow-master\ImGui\imgui_impl_opengl3.h">
      <Filter>ImGu</Filter>
    </ClInclude>
    <ClInclude Include="C:\Users\telm\Desktop\BlackWindow-master\ImGui\imgui_impl_sdl.h">
      <Filter>ImGu</Filter>
    </ClInclude>
    <ClInclude Include="C:\Users\telm\Desktop\BlackWindow-master\ImGui\imgui_internal.h">
      <Filter>ImGu</Filter>
    </ClInclude>
    <ClInclude Include="C:\Users\telm\Desktop\BlackWindow-master\ImGui\imstb_rectpack.h">
      <Filter>ImGu</Filter>
    </ClInclude>
    <ClInclude Include="C:\Users\telm\Desktop\BlackWindow-master\ImGui\imstb_textedit.h">
      <Filter>ImGu</Filter>
    </ClInclude>
    <ClInclude Include="C:\Users\telm\Desktop\BlackWindow-master\ImGui\imstb_truetype.h">
      <Filter>ImGu</Filter>
    </ClInclude>
    <ClInclude Include="C:\Users\telm\Desktop\BlackWindow-master\ImGui\imconfig.h">
      <Filter>ImGu</Filter>
    </ClInclude>
    <ClInclude Include="C:\Users\telm\Desktop\BlackWindow-master\ImGui\imgui.h">
      <Filter>ImGu</Filter>
    </ClInclude>
    <ClInclude Include="ConfigurationWindow.h">
      <Filter>ImGu\GR</Filter>
    </ClInclude>
    <ClInclude Include="C:\Users\telm\Desktop\BlackWindow-master\ConsoleWindow.h">
      <Filter>ImGu\GR</Filter>
    </ClInclude>
    <ClInclude Include="C:\Users\telm\Desktop\BlackWindow-master\DefaultImGuiWindow.h">
      <Filter>ImGu\GR</Filter>
    </ClInclude>
    <ClInclude Include="assimp\scene.h">
      <Filter>assimp</Filter>
    </ClInclude>
    <ClInclude Include="assimp\SceneCombiner.h">
      <Filter>assimp</Filter>
    </ClInclude>
    <ClInclude Include="assimp\SGSpatialSort.h">
      <Filter>assimp</Filter>
    </ClInclude>
    <ClInclude Include="assimp\SkeletonMeshBuilder.h">
      <Filter>assimp</Filter>
    </ClInclude>
    <ClInclude Include="assimp\SmoothingGroups.h">
      <Filter>assimp</Filter>
    </ClInclude>
    <ClInclude Include="assimp\SpatialSort.h">
      <Filter>assimp</Filter>
    </ClInclude>
    <ClInclude Include="assimp\StandardShapes.h">
      <Filter>assimp</Filter>
    </ClInclude>
    <ClInclude Include="assimp\StreamReader.h">
      <Filter>assimp</Filter>
    </ClInclude>
    <ClInclude Include="assimp\StreamWriter.h">
      <Filter>assimp</Filter>
    </ClInclude>
    <ClInclude Include="assimp\StringComparison.h">
      <Filter>assimp</Filter>
    </ClInclude>
    <ClInclude Include="assimp\StringUtils.h">
      <Filter>assimp</Filter>
    </ClInclude>
    <ClInclude Include="assimp\Subdivision.h">
      <Filter>assimp</Filter>
    </ClInclude>
    <ClInclude Include="assimp\texture.h">
      <Filter>assimp</Filter>
    </ClInclude>
    <ClInclude Include="assimp\TinyFormatter.h">
      <Filter>assimp</Filter>
    </ClInclude>
    <ClInclude Include="assimp\types.h">
      <Filter>assimp</Filter>
    </ClInclude>
    <ClInclude Include="assimp\vector2.h">
      <Filter>assimp</Filter>
    </ClInclude>
    <ClInclude Include="assimp\vector3.h">
      <Filter>assimp</Filter>
    </ClInclude>
    <ClInclude Include="assimp\version.h">
      <Filter>assimp</Filter>
    </ClInclude>
    <ClInclude Include="assimp\Vertex.h">
      <Filter>assimp</Filter>
    </ClInclude>
    <ClInclude Include="assimp\XMLTools.h">
      <Filter>assimp</Filter>
    </ClInclude>
    <ClInclude Include="assimp\ZipArchiveIOSystem.h">
      <Filter>assimp</Filter>
    </ClInclude>
    <ClInclude Include="assimp\Compiler\poppack1.h">
      <Filter>assimp</Filter>
    </ClInclude>
    <ClInclude Include="assimp\Compiler\pstdint.h">
      <Filter>assimp</Filter>
    </ClInclude>
    <ClInclude Include="assimp\Compiler\pushpack1.h">
      <Filter>assimp</Filter>
    </ClInclude>
    <ClInclude Include="assimp\port\AndroidJNI\AndroidJNIIOSystem.h">
      <Filter>assimp</Filter>
    </ClInclude>
    <ClInclude Include="assimp\aabb.h">
      <Filter>assimp</Filter>
    </ClInclude>
    <ClInclude Include="assimp\ai_assert.h">
      <Filter>assimp</Filter>
    </ClInclude>
    <ClInclude Include="assimp\anim.h">
      <Filter>assimp</Filter>
    </ClInclude>
    <ClInclude Include="assimp\BaseImporter.h">
      <Filter>assimp</Filter>
    </ClInclude>
    <ClInclude Include="assimp\Bitmap.h">
      <Filter>assimp</Filter>
    </ClInclude>
    <ClInclude Include="assimp\BlobIOSystem.h">
      <Filter>assimp</Filter>
    </ClInclude>
    <ClInclude Include="assimp\ByteSwapper.h">
      <Filter>assimp</Filter>
    </ClInclude>
    <ClInclude Include="assimp\camera.h">
      <Filter>assimp</Filter>
    </ClInclude>
    <ClInclude Include="assimp\cexport.h">
      <Filter>assimp</Filter>
    </ClInclude>
    <ClInclude Include="assimp\cfileio.h">
      <Filter>assimp</Filter>
    </ClInclude>
    <ClInclude Include="assimp\cimport.h">
      <Filter>assimp</Filter>
    </ClInclude>
    <ClInclude Include="assimp\color4.h">
      <Filter>assimp</Filter>
    </ClInclude>
    <ClInclude Include="assimp\CreateAnimMesh.h">
      <Filter>assimp</Filter>
    </ClInclude>
    <ClInclude Include="assimp\DefaultIOStream.h">
      <Filter>assimp</Filter>
    </ClInclude>
    <ClInclude Include="assimp\DefaultIOSystem.h">
      <Filter>assimp</Filter>
    </ClInclude>
    <ClInclude Include="assimp\DefaultLogger.hpp">
      <Filter>assimp</Filter>
    </ClInclude>
    <ClInclude Include="assimp\Defines.h">
      <Filter>assimp</Filter>
    </ClInclude>
    <ClInclude Include="assimp\defs.h">
      <Filter>assimp</Filter>
    </ClInclude>
    <ClInclude Include="assimp\Exceptional.h">
      <Filter>assimp</Filter>
    </ClInclude>
    <ClInclude Include="assimp\Exporter.hpp">
      <Filter>assimp</Filter>
    </ClInclude>
    <ClInclude Include="assimp\fast_atof.h">
      <Filter>assimp</Filter>
    </ClInclude>
    <ClInclude Include="assimp\GenericProperty.h">
      <Filter>assimp</Filter>
    </ClInclude>
    <ClInclude Include="assimp\Hash.h">
      <Filter>assimp</Filter>
    </ClInclude>
    <ClInclude Include="assimp\Importer.hpp">
      <Filter>assimp</Filter>
    </ClInclude>
    <ClInclude Include="assimp\importerdesc.h">
      <Filter>assimp</Filter>
    </ClInclude>
    <ClInclude Include="assimp\IOStream.hpp">
      <Filter>assimp</Filter>
    </ClInclude>
    <ClInclude Include="assimp\IOStreamBuffer.h">
      <Filter>assimp</Filter>
    </ClInclude>
    <ClInclude Include="assimp\IOSystem.hpp">
      <Filter>assimp</Filter>
    </ClInclude>
    <ClInclude Include="assimp\irrXMLWrapper.h">
      <Filter>assimp</Filter>
    </ClInclude>
    <ClInclude Include="assimp\light.h">
      <Filter>assimp</Filter>
    </ClInclude>
    <ClInclude Include="assimp\LineSplitter.h">
      <Filter>assimp</Filter>
    </ClInclude>
    <ClInclude Include="assimp\LogAux.h">
      <Filter>assimp</Filter>
    </ClInclude>
    <ClInclude Include="assimp\Logger.hpp">
      <Filter>assimp</Filter>
    </ClInclude>
    <ClInclude Include="assimp\LogStream.hpp">
      <Filter>assimp</Filter>
    </ClInclude>
    <ClInclude Include="assimp\Macros.h">
      <Filter>assimp</Filter>
    </ClInclude>
    <ClInclude Include="assimp\material.h">
      <Filter>assimp</Filter>
    </ClInclude>
    <ClInclude Include="assimp\MathFunctions.h">
      <Filter>assimp</Filter>
    </ClInclude>
    <ClInclude Include="assimp\matrix3x3.h">
      <Filter>assimp</Filter>
    </ClInclude>
    <ClInclude Include="assimp\matrix4x4.h">
      <Filter>assimp</Filter>
    </ClInclude>
    <ClInclude Include="assimp\MemoryIOWrapper.h">
      <Filter>assimp</Filter>
    </ClInclude>
    <ClInclude Include="assimp\mesh.h">
      <Filter>assimp</Filter>
    </ClInclude>
    <ClInclude Include="assimp\metadata.h">
      <Filter>assimp</Filter>
    </ClInclude>
    <ClInclude Include="assimp\NullLogger.hpp">
      <Filter>assimp</Filter>
    </ClInclude>
    <ClInclude Include="assimp\ParsingUtils.h">
      <Filter>assimp</Filter>
    </ClInclude>
    <ClInclude Include="assimp\pbrmaterial.h">
      <Filter>assimp</Filter>
    </ClInclude>
    <ClInclude Include="assimp\postprocess.h">
      <Filter>assimp</Filter>
    </ClInclude>
    <ClInclude Include="assimp\Profiler.h">
      <Filter>assimp</Filter>
    </ClInclude>
    <ClInclude Include="assimp\ProgressHandler.hpp">
      <Filter>assimp</Filter>
    </ClInclude>
    <ClInclude Include="assimp\qnan.h">
      <Filter>assimp</Filter>
    </ClInclude>
    <ClInclude Include="assimp\quaternion.h">
      <Filter>assimp</Filter>
    </ClInclude>
    <ClInclude Include="assimp\RemoveComments.h">
      <Filter>assimp</Filter>
    </ClInclude>
    <ClInclude Include="ModuleCarga.h" />
    <ClInclude Include="assimp\config.h">
      <Filter>assimp</Filter>
    </ClInclude>
  </ItemGroup>
  <ItemGroup>
    <Filter Include="MathGeoLib">
      <UniqueIdentifier>{6201a890-350c-4dbf-a077-16485cfc3e7d}</UniqueIdentifier>
    </Filter>
    <Filter Include="ImGu">
      <UniqueIdentifier>{61d60d1f-5101-4d9a-8384-198e3e1f7c48}</UniqueIdentifier>
    </Filter>
    <Filter Include="ImGu\GR">
      <UniqueIdentifier>{99b6f11e-6d6b-471a-83e5-5b33bb130f7a}</UniqueIdentifier>
    </Filter>
    <Filter Include="assimp">
      <UniqueIdentifier>{a454d7eb-c424-4cfa-abb1-deaee1716992}</UniqueIdentifier>
    </Filter>
  </ItemGroup>
  <ItemGroup>
    <None Include="MathGeoLib\Geometry\KDTree.inl">
      <Filter>MathGeoLib</Filter>
    </None>
    <None Include="MathGeoLib\Geometry\QuadTree.inl">
      <Filter>MathGeoLib</Filter>
    </None>
    <None Include="MathGeoLib\Geometry\TriangleMesh_IntersectRay_AVX.inl">
      <Filter>MathGeoLib</Filter>
    </None>
    <None Include="MathGeoLib\Geometry\TriangleMesh_IntersectRay_CPP.inl">
      <Filter>MathGeoLib</Filter>
    </None>
    <None Include="MathGeoLib\Geometry\TriangleMesh_IntersectRay_SSE.inl">
      <Filter>MathGeoLib</Filter>
    </None>
    <None Include="MathGeoLib\Math\float2.inl">
      <Filter>MathGeoLib</Filter>
    </None>
    <None Include="MathGeoLib\Math\Matrix.inl">
      <Filter>MathGeoLib</Filter>
    </None>
    <None Include="assimp\SmoothingGroups.inl">
      <Filter>assimp</Filter>
    </None>
    <None Include="assimp\vector2.inl">
      <Filter>assimp</Filter>
    </None>
    <None Include="assimp\vector3.inl">
      <Filter>assimp</Filter>
    </None>
    <None Include="assimp\.editorconfig">
      <Filter>assimp</Filter>
    </None>
    <None Include="assimp\color4.inl">
      <Filter>assimp</Filter>
    </None>
    <None Include="assimp\config.h.in">
      <Filter>assimp</Filter>
    </None>
    <None Include="assimp\material.inl">
      <Filter>assimp</Filter>
    </None>
    <None Include="assimp\matrix3x3.inl">
      <Filter>assimp</Filter>
    </None>
    <None Include="assimp\matrix4x4.inl">
      <Filter>assimp</Filter>
    </None>
    <None Include="assimp\quaternion.inl">
      <Filter>assimp</Filter>
    </None>
  </ItemGroup>
  <ItemGroup>
    <ResourceCompile Include="EngineMaster.rc" />
  </ItemGroup>
  <ItemGroup>
    <Text Include="C:\Users\telm\Desktop\BlackWindow-master\ImGui\LICENSE.txt">
      <Filter>ImGu</Filter>
    </Text>
  </ItemGroup>
  <ItemGroup>
    <Library Include="assimp\assimp-vc142-mtd.lib">
      <Filter>assimp</Filter>
    </Library>
  </ItemGroup>
</Project>